
Microsoft Visual Studio Solution File, Format Version 12.00
# Visual Studio Version 16
VisualStudioVersion = 16.0.30413.136
MinimumVisualStudioVersion = 10.0.40219.1
Project("{FAE04EC0-301F-11D3-BF4B-00C04F79EFBC}") = "WatchesWebApp", "WatchesWebApp\WatchesWebApp.csproj", "{20461881-0732-482D-B4C2-5DB6D336BA61}"
EndProject
Project("{FAE04EC0-301F-11D3-BF4B-00C04F79EFBC}") = "StockCheckWebJob", "StockCheckWebJob\StockCheckWebJob.csproj", "{A959F85C-9E77-4D51-91FA-D81672B6ADE9}"
EndProject
Project("{FAE04EC0-301F-11D3-BF4B-00C04F79EFBC}") = "ConfirmationWebJob", "ConfirmationWebJob\ConfirmationWebJob.csproj", "{8CEC193A-8D46-47D0-B1BE-83F3AF6ACDB6}"
EndProject
Global
	GlobalSection(SolutionConfigurationPlatforms) = preSolution
		Debug|Any CPU = Debug|Any CPU
		Release|Any CPU = Release|Any CPU
	EndGlobalSection
	GlobalSection(ProjectConfigurationPlatforms) = postSolution
		{20461881-0732-482D-B4C2-5DB6D336BA61}.Debug|Any CPU.ActiveCfg = Debug|Any CPU
		{20461881-0732-482D-B4C2-5DB6D336BA61}.Debug|Any CPU.Build.0 = Debug|Any CPU
		{20461881-0732-482D-B4C2-5DB6D336BA61}.Release|Any CPU.ActiveCfg = Release|Any CPU
		{20461881-0732-482D-B4C2-5DB6D336BA61}.Release|Any CPU.Build.0 = Release|Any CPU
		{A959F85C-9E77-4D51-91FA-D81672B6ADE9}.Debug|Any CPU.ActiveCfg = Debug|Any CPU
		{A959F85C-9E77-4D51-91FA-D81672B6ADE9}.Debug|Any CPU.Build.0 = Debug|Any CPU
		{A959F85C-9E77-4D51-91FA-D81672B6ADE9}.Release|Any CPU.ActiveCfg = Release|Any CPU
		{A959F85C-9E77-4D51-91FA-D81672B6ADE9}.Release|Any CPU.Build.0 = Release|Any CPU
		{8CEC193A-8D46-47D0-B1BE-83F3AF6ACDB6}.Debug|Any CPU.ActiveCfg = Debug|Any CPU
		{8CEC193A-8D46-47D0-B1BE-83F3AF6ACDB6}.Debug|Any CPU.Build.0 = Debug|Any CPU
		{8CEC193A-8D46-47D0-B1BE-83F3AF6ACDB6}.Release|Any CPU.ActiveCfg = Release|Any CPU
		{8CEC193A-8D46-47D0-B1BE-83F3AF6ACDB6}.Release|Any CPU.Build.0 = Release|Any CPU
	EndGlobalSection
	GlobalSection(SolutionProperties) = preSolution
		HideSolutionNode = FALSE
	EndGlobalSection
	GlobalSection(ExtensibilityGlobals) = postSolution
		SolutionGuid = {801CDA7C-E37A-4629-B505-C645AEB262AD}
	EndGlobalSection
EndGlobal
